
Microsoft Visual Studio Solution File, Format Version 12.00
# Visual Studio Version 17
VisualStudioVersion = 17.9.34728.123
MinimumVisualStudioVersion = 10.0.40219.1
Project("{FAE04EC0-301F-11D3-BF4B-00C04F79EFBC}") = "NewTaskApp", "NewTaskApp.csproj", "{34B739E3-BE5F-495B-83F4-0BD021AA461A}"
EndProject
Global
	GlobalSection(SolutionConfigurationPlatforms) = preSolution
		Debug|Any CPU = Debug|Any CPU
		Release|Any CPU = Release|Any CPU
	EndGlobalSection
	GlobalSection(ProjectConfigurationPlatforms) = postSolution
		{34B739E3-BE5F-495B-83F4-0BD021AA461A}.Debug|Any CPU.ActiveCfg = Debug|Any CPU
		{34B739E3-BE5F-495B-83F4-0BD021AA461A}.Debug|Any CPU.Build.0 = Debug|Any CPU
		{34B739E3-BE5F-495B-83F4-0BD021AA461A}.Release|Any CPU.ActiveCfg = Release|Any CPU
		{34B739E3-BE5F-495B-83F4-0BD021AA461A}.Release|Any CPU.Build.0 = Release|Any CPU
	EndGlobalSection
	GlobalSection(SolutionProperties) = preSolution
		HideSolutionNode = FALSE
	EndGlobalSection
	GlobalSection(ExtensibilityGlobals) = postSolution
		SolutionGuid = {D54783FE-51B7-4EEF-8138-6DDC863C797B}
	EndGlobalSection
EndGlobal
